// !$*UTF8*$!
{
	archiveVersion = 1;
	classes = {
	};
	objectVersion = 77;
	objects = {

/* Begin PBXBuildFile section */
		0173E40D3747DA34FF4A2920 /* EndlessSelectorTests.swift in Sources */ = {isa = PBXBuildFile; fileRef = A2505F793D42F5DF88BA4465 /* EndlessSelectorTests.swift */; };
		041203805C284676BF9E5063 /* RainEmitter.swift in Sources */ = {isa = PBXBuildFile; fileRef = C986CD024C47B111318DE1CE /* RainEmitter.swift */; };
		069B2368FB786C8F4E653CDB /* UserState.swift in Sources */ = {isa = PBXBuildFile; fileRef = F1703FB8EEBE690DE896C960 /* UserState.swift */; };
		07AC6742D8DAE2B6D55806B6 /* TodayView.swift in Sources */ = {isa = PBXBuildFile; fileRef = 1C54800A38A92625234739AC /* TodayView.swift */; };
		146413CC0AD4FD648B7CA9EF /* Puzzle.swift in Sources */ = {isa = PBXBuildFile; fileRef = 8F3A12B2EF436D47AC853B5B /* Puzzle.swift */; };
		173A6C6A7F67E1C4C7580F2A /* EndlessSelector.swift in Sources */ = {isa = PBXBuildFile; fileRef = A4618C9E2657EAFB2B5B01B0 /* EndlessSelector.swift */; };
		1BB4EE9401AB3E2D4135FE5B /* HowToPlayView.swift in Sources */ = {isa = PBXBuildFile; fileRef = 7E5AD70635A5B9CABD91C573 /* HowToPlayView.swift */; };
		1D1296602F89AF61D5CF294E /* EndlessView.swift in Sources */ = {isa = PBXBuildFile; fileRef = 1E3C770D77B5CE56FA085549 /* EndlessView.swift */; };
		1EECD660052C3A436F5375A1 /* wrong.wav in Resources */ = {isa = PBXBuildFile; fileRef = 7AF36FFE705EEAEFE0A36CB7 /* wrong.wav */; };
		21799DCFD49E3A24B9B54D4B /* CategoryChip.swift in Sources */ = {isa = PBXBuildFile; fileRef = 2D5CFDC62B7B51056546E265 /* CategoryChip.swift */; };
		2181CF102C43333F8F7952C3 /* HeartsRow.swift in Sources */ = {isa = PBXBuildFile; fileRef = AC27D0BF336D5BAB1C75355C /* HeartsRow.swift */; };
		26D04137E41B70F10B2F7D13 /* UserStateStoreTests.swift in Sources */ = {isa = PBXBuildFile; fileRef = A6BDC4CC64BB64F51860B7AD /* UserStateStoreTests.swift */; };
		2FA8E5BA7BCD741C929B06D3 /* KeyboardView.swift in Sources */ = {isa = PBXBuildFile; fileRef = 5950DE50423D9B8518D25C03 /* KeyboardView.swift */; };
		44013AD409B1DFEB6F17BD94 /* GameEngineTests.swift in Sources */ = {isa = PBXBuildFile; fileRef = 8A6AC4A474E65EE9832F5126 /* GameEngineTests.swift */; };
		4AD352AF3BCCCD1BA3C1085D /* EndlessSessionTests.swift in Sources */ = {isa = PBXBuildFile; fileRef = E76F51A4C675058DC58B20BA /* EndlessSessionTests.swift */; };
		4ADA9B62C7A2A77AC499B06F /* StickerButton.swift in Sources */ = {isa = PBXBuildFile; fileRef = 0C3153578C4A7975ABCAE0CC /* StickerButton.swift */; };
		4C8E2273340B81ABD01398A0 /* UserStateCodableTests.swift in Sources */ = {isa = PBXBuildFile; fileRef = 0AAC4A51E89CCD6F4ECB4AC9 /* UserStateCodableTests.swift */; };
		521F5012DAE5301AE6DD95AC /* HapticsService.swift in Sources */ = {isa = PBXBuildFile; fileRef = 9EF3D883269ACDFF313C2543 /* HapticsService.swift */; };
		549BCD9778348B71485A8419 /* HintButton.swift in Sources */ = {isa = PBXBuildFile; fileRef = 4290CB9A6AD921D22B2F7BDF /* HintButton.swift */; };
		54B46C73462E6DD6279E7DC0 /* puzzles.json in Resources */ = {isa = PBXBuildFile; fileRef = F792ADC96F923C0EC036126D /* puzzles.json */; };
		5B1C27E92963089DDDF493C9 /* Assets.xcassets in Resources */ = {isa = PBXBuildFile; fileRef = 6D45F1328DC783D4946DBCB2 /* Assets.xcassets */; };
		5C1E9B1B0089AACBB5174A25 /* ShareCardBuilderTests.swift in Sources */ = {isa = PBXBuildFile; fileRef = 51697E53D2557DDCCFAB933D /* ShareCardBuilderTests.swift */; };
		5DBE77C491F4D855C3447AB2 /* EmojiHeader.swift in Sources */ = {isa = PBXBuildFile; fileRef = 0CC6517C4105EA1996FA749A /* EmojiHeader.swift */; };
		600048ECA507BCAE93F542B2 /* NotificationPermissionSheet.swift in Sources */ = {isa = PBXBuildFile; fileRef = 413C0E6587F361FB98785EC3 /* NotificationPermissionSheet.swift */; };
		62FC212BE5236D99CF37DACC /* BlanksView.swift in Sources */ = {isa = PBXBuildFile; fileRef = 9E3E8D1E8A1C605C85FE2844 /* BlanksView.swift */; };
		7B3F7C02449E6AA0D35C2BCF /* NotificationSchedulerTests.swift in Sources */ = {isa = PBXBuildFile; fileRef = 595A0B6F4CE708A3114C0523 /* NotificationSchedulerTests.swift */; };
		82414934CE6E36FBA6CD91C4 /* PuzzleDecodingTests.swift in Sources */ = {isa = PBXBuildFile; fileRef = 003CB8564184917BE05D66CB /* PuzzleDecodingTests.swift */; };
		8C28463D2D653E9FD0BF4330 /* PuzzleLoader.swift in Sources */ = {isa = PBXBuildFile; fileRef = 7DC809FFAE31499658C91AEA /* PuzzleLoader.swift */; };
		8F32B3FEC94BC5D6EEC83FB0 /* StatsView.swift in Sources */ = {isa = PBXBuildFile; fileRef = EE69DC4F410F20449AB55464 /* StatsView.swift */; };
		96130ED319FBFEA84542DA2F /* GameEngineWordByWordTests.swift in Sources */ = {isa = PBXBuildFile; fileRef = F914FDF9876BFC7AB6E70017 /* GameEngineWordByWordTests.swift */; };
		993B68AEE1B7227CBCAAD048 /* SoundService.swift in Sources */ = {isa = PBXBuildFile; fileRef = 05028FD518A160175B3AF316 /* SoundService.swift */; };
		99A09D1492EC6E0160F21F22 /* correct.wav in Resources */ = {isa = PBXBuildFile; fileRef = D317115F4C77FC1155F3BF13 /* correct.wav */; };
		A2330B67A365CB46FF09704D /* UserStateMigrationTests.swift in Sources */ = {isa = PBXBuildFile; fileRef = D028777F6BC1AE088C73016D /* UserStateMigrationTests.swift */; };
		A30656A04C6E96BC61CEF55F /* test-puzzles.json in Resources */ = {isa = PBXBuildFile; fileRef = 8E30CB7F4E3606B665F8EC8A /* test-puzzles.json */; };
		A6DACC4B4EDC68392FD82D08 /* ShareCardBuilder.swift in Sources */ = {isa = PBXBuildFile; fileRef = EF40436B6B5C44CC58037435 /* ShareCardBuilder.swift */; };
		AA617127D6B9EEE3C9886E54 /* ResultSheet.swift in Sources */ = {isa = PBXBuildFile; fileRef = BAC22EE038406BC101D95FF1 /* ResultSheet.swift */; };
		AFC2E6F63B63FCFEF1A145B0 /* EndlessSession.swift in Sources */ = {isa = PBXBuildFile; fileRef = B72B7D9A1B47C4C0C61384BE /* EndlessSession.swift */; };
		B0786467093D51F3A2D6BF2B /* PictokApp.swift in Sources */ = {isa = PBXBuildFile; fileRef = 0BF7A7BF6F338B281CC2F8FA /* PictokApp.swift */; };
		C8B70E4449443703508BE272 /* win.wav in Resources */ = {isa = PBXBuildFile; fileRef = D66D81E61B59A7FA3AD074BF /* win.wav */; };
		D11E875F1C3BEEA2A6013823 /* FireworksEmitter.swift in Sources */ = {isa = PBXBuildFile; fileRef = AABD7922CDA9DB2F79D874D5 /* FireworksEmitter.swift */; };
		D331FDFBEF4FF39710E1652A /* Theme.swift in Sources */ = {isa = PBXBuildFile; fileRef = AE8DC8175E35A48E034D43B2 /* Theme.swift */; };
		E666C0E632706999518F4001 /* UserStateStore.swift in Sources */ = {isa = PBXBuildFile; fileRef = 33334A44606ACBCB19CA2627 /* UserStateStore.swift */; };
		F192DAD970CF00148F953623 /* FailCelebrationView.swift in Sources */ = {isa = PBXBuildFile; fileRef = 416574E86B8B462930D050B5 /* FailCelebrationView.swift */; };
		F65B1E044B023BC75C9C3388 /* GameEngine.swift in Sources */ = {isa = PBXBuildFile; fileRef = 70602BBD41448CC070305C00 /* GameEngine.swift */; };
		F699FD0E3F00F620207674B3 /* WinCelebrationView.swift in Sources */ = {isa = PBXBuildFile; fileRef = 6DDACBE0B8380D8CF09D3084 /* WinCelebrationView.swift */; };
		F90ED87F4D329EE1C6A75B46 /* NotificationScheduler.swift in Sources */ = {isa = PBXBuildFile; fileRef = 71BA6915DCCA92F60FE8D05E /* NotificationScheduler.swift */; };
		FB9BFF0F373AAB11B0A29537 /* PuzzleLoaderTests.swift in Sources */ = {isa = PBXBuildFile; fileRef = 57133764C77FB13F6578F081 /* PuzzleLoaderTests.swift */; };
/* End PBXBuildFile section */

/* Begin PBXContainerItemProxy section */
		85F7D1791DF66BDCAC3812DE /* PBXContainerItemProxy */ = {
			isa = PBXContainerItemProxy;
			containerPortal = 9515DCC001687911C962CE16 /* Project object */;
			proxyType = 1;
			remoteGlobalIDString = BB70BEE75D86B147D69F7F99;
			remoteInfo = Pictok;
		};
/* End PBXContainerItemProxy section */

/* Begin PBXFileReference section */
		003CB8564184917BE05D66CB /* PuzzleDecodingTests.swift */ = {isa = PBXFileReference; lastKnownFileType = sourcecode.swift; path = PuzzleDecodingTests.swift; sourceTree = "<group>"; };
		05028FD518A160175B3AF316 /* SoundService.swift */ = {isa = PBXFileReference; lastKnownFileType = sourcecode.swift; path = SoundService.swift; sourceTree = "<group>"; };
		0AAC4A51E89CCD6F4ECB4AC9 /* UserStateCodableTests.swift */ = {isa = PBXFileReference; lastKnownFileType = sourcecode.swift; path = UserStateCodableTests.swift; sourceTree = "<group>"; };
		0BF7A7BF6F338B281CC2F8FA /* PictokApp.swift */ = {isa = PBXFileReference; lastKnownFileType = sourcecode.swift; path = PictokApp.swift; sourceTree = "<group>"; };
		0C3153578C4A7975ABCAE0CC /* StickerButton.swift */ = {isa = PBXFileReference; lastKnownFileType = sourcecode.swift; path = StickerButton.swift; sourceTree = "<group>"; };
		0CC6517C4105EA1996FA749A /* EmojiHeader.swift */ = {isa = PBXFileReference; lastKnownFileType = sourcecode.swift; path = EmojiHeader.swift; sourceTree = "<group>"; };
		1C54800A38A92625234739AC /* TodayView.swift */ = {isa = PBXFileReference; lastKnownFileType = sourcecode.swift; path = TodayView.swift; sourceTree = "<group>"; };
		1E3C770D77B5CE56FA085549 /* EndlessView.swift */ = {isa = PBXFileReference; lastKnownFileType = sourcecode.swift; path = EndlessView.swift; sourceTree = "<group>"; };
		2D5CFDC62B7B51056546E265 /* CategoryChip.swift */ = {isa = PBXFileReference; lastKnownFileType = sourcecode.swift; path = CategoryChip.swift; sourceTree = "<group>"; };
		33334A44606ACBCB19CA2627 /* UserStateStore.swift */ = {isa = PBXFileReference; lastKnownFileType = sourcecode.swift; path = UserStateStore.swift; sourceTree = "<group>"; };
		413C0E6587F361FB98785EC3 /* NotificationPermissionSheet.swift */ = {isa = PBXFileReference; lastKnownFileType = sourcecode.swift; path = NotificationPermissionSheet.swift; sourceTree = "<group>"; };
		416574E86B8B462930D050B5 /* FailCelebrationView.swift */ = {isa = PBXFileReference; lastKnownFileType = sourcecode.swift; path = FailCelebrationView.swift; sourceTree = "<group>"; };
		4290CB9A6AD921D22B2F7BDF /* HintButton.swift */ = {isa = PBXFileReference; lastKnownFileType = sourcecode.swift; path = HintButton.swift; sourceTree = "<group>"; };
		51697E53D2557DDCCFAB933D /* ShareCardBuilderTests.swift */ = {isa = PBXFileReference; lastKnownFileType = sourcecode.swift; path = ShareCardBuilderTests.swift; sourceTree = "<group>"; };
		57133764C77FB13F6578F081 /* PuzzleLoaderTests.swift */ = {isa = PBXFileReference; lastKnownFileType = sourcecode.swift; path = PuzzleLoaderTests.swift; sourceTree = "<group>"; };
		5950DE50423D9B8518D25C03 /* KeyboardView.swift */ = {isa = PBXFileReference; lastKnownFileType = sourcecode.swift; path = KeyboardView.swift; sourceTree = "<group>"; };
		595A0B6F4CE708A3114C0523 /* NotificationSchedulerTests.swift */ = {isa = PBXFileReference; lastKnownFileType = sourcecode.swift; path = NotificationSchedulerTests.swift; sourceTree = "<group>"; };
		6D45F1328DC783D4946DBCB2 /* Assets.xcassets */ = {isa = PBXFileReference; lastKnownFileType = folder.assetcatalog; path = Assets.xcassets; sourceTree = "<group>"; };
		6DDACBE0B8380D8CF09D3084 /* WinCelebrationView.swift */ = {isa = PBXFileReference; lastKnownFileType = sourcecode.swift; path = WinCelebrationView.swift; sourceTree = "<group>"; };
		70602BBD41448CC070305C00 /* GameEngine.swift */ = {isa = PBXFileReference; lastKnownFileType = sourcecode.swift; path = GameEngine.swift; sourceTree = "<group>"; };
		71BA6915DCCA92F60FE8D05E /* NotificationScheduler.swift */ = {isa = PBXFileReference; lastKnownFileType = sourcecode.swift; path = NotificationScheduler.swift; sourceTree = "<group>"; };
		7AF36FFE705EEAEFE0A36CB7 /* wrong.wav */ = {isa = PBXFileReference; lastKnownFileType = audio.wav; path = wrong.wav; sourceTree = "<group>"; };
		7DC809FFAE31499658C91AEA /* PuzzleLoader.swift */ = {isa = PBXFileReference; lastKnownFileType = sourcecode.swift; path = PuzzleLoader.swift; sourceTree = "<group>"; };
		7E5AD70635A5B9CABD91C573 /* HowToPlayView.swift */ = {isa = PBXFileReference; lastKnownFileType = sourcecode.swift; path = HowToPlayView.swift; sourceTree = "<group>"; };
		8A6AC4A474E65EE9832F5126 /* GameEngineTests.swift */ = {isa = PBXFileReference; lastKnownFileType = sourcecode.swift; path = GameEngineTests.swift; sourceTree = "<group>"; };
		8ABC79C275D2086DDE654E35 /* PictokTests.xctest */ = {isa = PBXFileReference; includeInIndex = 0; lastKnownFileType = wrapper.cfbundle; path = PictokTests.xctest; sourceTree = BUILT_PRODUCTS_DIR; };
		8E30CB7F4E3606B665F8EC8A /* test-puzzles.json */ = {isa = PBXFileReference; lastKnownFileType = text.json; path = "test-puzzles.json"; sourceTree = "<group>"; };
		8F3A12B2EF436D47AC853B5B /* Puzzle.swift */ = {isa = PBXFileReference; lastKnownFileType = sourcecode.swift; path = Puzzle.swift; sourceTree = "<group>"; };
		9E3E8D1E8A1C605C85FE2844 /* BlanksView.swift */ = {isa = PBXFileReference; lastKnownFileType = sourcecode.swift; path = BlanksView.swift; sourceTree = "<group>"; };
		9EF3D883269ACDFF313C2543 /* HapticsService.swift */ = {isa = PBXFileReference; lastKnownFileType = sourcecode.swift; path = HapticsService.swift; sourceTree = "<group>"; };
		A2505F793D42F5DF88BA4465 /* EndlessSelectorTests.swift */ = {isa = PBXFileReference; lastKnownFileType = sourcecode.swift; path = EndlessSelectorTests.swift; sourceTree = "<group>"; };
		A4618C9E2657EAFB2B5B01B0 /* EndlessSelector.swift */ = {isa = PBXFileReference; lastKnownFileType = sourcecode.swift; path = EndlessSelector.swift; sourceTree = "<group>"; };
		A6BDC4CC64BB64F51860B7AD /* UserStateStoreTests.swift */ = {isa = PBXFileReference; lastKnownFileType = sourcecode.swift; path = UserStateStoreTests.swift; sourceTree = "<group>"; };
		AABD7922CDA9DB2F79D874D5 /* FireworksEmitter.swift */ = {isa = PBXFileReference; lastKnownFileType = sourcecode.swift; path = FireworksEmitter.swift; sourceTree = "<group>"; };
		AC27D0BF336D5BAB1C75355C /* HeartsRow.swift */ = {isa = PBXFileReference; lastKnownFileType = sourcecode.swift; path = HeartsRow.swift; sourceTree = "<group>"; };
		AE8DC8175E35A48E034D43B2 /* Theme.swift */ = {isa = PBXFileReference; lastKnownFileType = sourcecode.swift; path = Theme.swift; sourceTree = "<group>"; };
		AEDDCDEC38190D3BC62F57C6 /* Pictok.app */ = {isa = PBXFileReference; includeInIndex = 0; lastKnownFileType = wrapper.application; path = Pictok.app; sourceTree = BUILT_PRODUCTS_DIR; };
		B72B7D9A1B47C4C0C61384BE /* EndlessSession.swift */ = {isa = PBXFileReference; lastKnownFileType = sourcecode.swift; path = EndlessSession.swift; sourceTree = "<group>"; };
		BAC22EE038406BC101D95FF1 /* ResultSheet.swift */ = {isa = PBXFileReference; lastKnownFileType = sourcecode.swift; path = ResultSheet.swift; sourceTree = "<group>"; };
		C986CD024C47B111318DE1CE /* RainEmitter.swift */ = {isa = PBXFileReference; lastKnownFileType = sourcecode.swift; path = RainEmitter.swift; sourceTree = "<group>"; };
		D028777F6BC1AE088C73016D /* UserStateMigrationTests.swift */ = {isa = PBXFileReference; lastKnownFileType = sourcecode.swift; path = UserStateMigrationTests.swift; sourceTree = "<group>"; };
		D317115F4C77FC1155F3BF13 /* correct.wav */ = {isa = PBXFileReference; lastKnownFileType = audio.wav; path = correct.wav; sourceTree = "<group>"; };
		D66D81E61B59A7FA3AD074BF /* win.wav */ = {isa = PBXFileReference; lastKnownFileType = audio.wav; path = win.wav; sourceTree = "<group>"; };
		E76F51A4C675058DC58B20BA /* EndlessSessionTests.swift */ = {isa = PBXFileReference; lastKnownFileType = sourcecode.swift; path = EndlessSessionTests.swift; sourceTree = "<group>"; };
		EE69DC4F410F20449AB55464 /* StatsView.swift */ = {isa = PBXFileReference; lastKnownFileType = sourcecode.swift; path = StatsView.swift; sourceTree = "<group>"; };
		EF40436B6B5C44CC58037435 /* ShareCardBuilder.swift */ = {isa = PBXFileReference; lastKnownFileType = sourcecode.swift; path = ShareCardBuilder.swift; sourceTree = "<group>"; };
		F1703FB8EEBE690DE896C960 /* UserState.swift */ = {isa = PBXFileReference; lastKnownFileType = sourcecode.swift; path = UserState.swift; sourceTree = "<group>"; };
		F792ADC96F923C0EC036126D /* puzzles.json */ = {isa = PBXFileReference; lastKnownFileType = text.json; path = puzzles.json; sourceTree = "<group>"; };
		F914FDF9876BFC7AB6E70017 /* GameEngineWordByWordTests.swift */ = {isa = PBXFileReference; lastKnownFileType = sourcecode.swift; path = GameEngineWordByWordTests.swift; sourceTree = "<group>"; };
/* End PBXFileReference section */

/* Begin PBXGroup section */
		219783C3A79BC7E804A968DA /* Effects */ = {
			isa = PBXGroup;
			children = (
				416574E86B8B462930D050B5 /* FailCelebrationView.swift */,
				AABD7922CDA9DB2F79D874D5 /* FireworksEmitter.swift */,
				C986CD024C47B111318DE1CE /* RainEmitter.swift */,
				6DDACBE0B8380D8CF09D3084 /* WinCelebrationView.swift */,
			);
			path = Effects;
			sourceTree = "<group>";
		};
		32D08B9769014F147611BAFA /* Pictok */ = {
			isa = PBXGroup;
			children = (
				9903709CF2A0379102DDEE1E /* Game */,
				3A208B60CD5F47A80735A4DA /* Models */,
				694520971215EA51FA99502D /* Resources */,
				B10A3429F54C444EBC167A27 /* Views */,
				0BF7A7BF6F338B281CC2F8FA /* PictokApp.swift */,
			);
			path = Pictok;
			sourceTree = "<group>";
		};
		3A208B60CD5F47A80735A4DA /* Models */ = {
			isa = PBXGroup;
			children = (
				8F3A12B2EF436D47AC853B5B /* Puzzle.swift */,
				F1703FB8EEBE690DE896C960 /* UserState.swift */,
			);
			path = Models;
			sourceTree = "<group>";
		};
		62489DC1AA56F67148E49AF7 /* Sounds */ = {
			isa = PBXGroup;
			children = (
				D317115F4C77FC1155F3BF13 /* correct.wav */,
				D66D81E61B59A7FA3AD074BF /* win.wav */,
				7AF36FFE705EEAEFE0A36CB7 /* wrong.wav */,
			);
			path = Sounds;
			sourceTree = "<group>";
		};
		68DFA0BDCDC053E7903BAFE7 = {
			isa = PBXGroup;
			children = (
				32D08B9769014F147611BAFA /* Pictok */,
				D32A66B635E9AB6A81A6C475 /* PictokTests */,
				6C51C3692E574F707D82A7C0 /* Products */,
			);
			sourceTree = "<group>";
		};
		694520971215EA51FA99502D /* Resources */ = {
			isa = PBXGroup;
			children = (
				62489DC1AA56F67148E49AF7 /* Sounds */,
				6D45F1328DC783D4946DBCB2 /* Assets.xcassets */,
				F792ADC96F923C0EC036126D /* puzzles.json */,
			);
			path = Resources;
			sourceTree = "<group>";
		};
		6C51C3692E574F707D82A7C0 /* Products */ = {
			isa = PBXGroup;
			children = (
				AEDDCDEC38190D3BC62F57C6 /* Pictok.app */,
				8ABC79C275D2086DDE654E35 /* PictokTests.xctest */,
			);
			name = Products;
			sourceTree = "<group>";
		};
		709A2440EE081AB0641A131D /* Resources */ = {
			isa = PBXGroup;
			children = (
				8E30CB7F4E3606B665F8EC8A /* test-puzzles.json */,
			);
			path = Resources;
			sourceTree = "<group>";
		};
		92CABFE0CC85028404CAACE7 /* Components */ = {
			isa = PBXGroup;
			children = (
				9E3E8D1E8A1C605C85FE2844 /* BlanksView.swift */,
				2D5CFDC62B7B51056546E265 /* CategoryChip.swift */,
				0CC6517C4105EA1996FA749A /* EmojiHeader.swift */,
				AC27D0BF336D5BAB1C75355C /* HeartsRow.swift */,
				4290CB9A6AD921D22B2F7BDF /* HintButton.swift */,
				5950DE50423D9B8518D25C03 /* KeyboardView.swift */,
				0C3153578C4A7975ABCAE0CC /* StickerButton.swift */,
			);
			path = Components;
			sourceTree = "<group>";
		};
		9903709CF2A0379102DDEE1E /* Game */ = {
			isa = PBXGroup;
			children = (
				A4618C9E2657EAFB2B5B01B0 /* EndlessSelector.swift */,
				B72B7D9A1B47C4C0C61384BE /* EndlessSession.swift */,
				70602BBD41448CC070305C00 /* GameEngine.swift */,
				9EF3D883269ACDFF313C2543 /* HapticsService.swift */,
				71BA6915DCCA92F60FE8D05E /* NotificationScheduler.swift */,
				7DC809FFAE31499658C91AEA /* PuzzleLoader.swift */,
				EF40436B6B5C44CC58037435 /* ShareCardBuilder.swift */,
				05028FD518A160175B3AF316 /* SoundService.swift */,
				33334A44606ACBCB19CA2627 /* UserStateStore.swift */,
			);
			path = Game;
			sourceTree = "<group>";
		};
		B10A3429F54C444EBC167A27 /* Views */ = {
			isa = PBXGroup;
			children = (
				92CABFE0CC85028404CAACE7 /* Components */,
				219783C3A79BC7E804A968DA /* Effects */,
				1E3C770D77B5CE56FA085549 /* EndlessView.swift */,
				7E5AD70635A5B9CABD91C573 /* HowToPlayView.swift */,
				413C0E6587F361FB98785EC3 /* NotificationPermissionSheet.swift */,
				BAC22EE038406BC101D95FF1 /* ResultSheet.swift */,
				EE69DC4F410F20449AB55464 /* StatsView.swift */,
				AE8DC8175E35A48E034D43B2 /* Theme.swift */,
				1C54800A38A92625234739AC /* TodayView.swift */,
			);
			path = Views;
			sourceTree = "<group>";
		};
		D32A66B635E9AB6A81A6C475 /* PictokTests */ = {
			isa = PBXGroup;
			children = (
				709A2440EE081AB0641A131D /* Resources */,
				A2505F793D42F5DF88BA4465 /* EndlessSelectorTests.swift */,
				E76F51A4C675058DC58B20BA /* EndlessSessionTests.swift */,
				8A6AC4A474E65EE9832F5126 /* GameEngineTests.swift */,
				F914FDF9876BFC7AB6E70017 /* GameEngineWordByWordTests.swift */,
				595A0B6F4CE708A3114C0523 /* NotificationSchedulerTests.swift */,
				003CB8564184917BE05D66CB /* PuzzleDecodingTests.swift */,
				57133764C77FB13F6578F081 /* PuzzleLoaderTests.swift */,
				51697E53D2557DDCCFAB933D /* ShareCardBuilderTests.swift */,
				0AAC4A51E89CCD6F4ECB4AC9 /* UserStateCodableTests.swift */,
				D028777F6BC1AE088C73016D /* UserStateMigrationTests.swift */,
				A6BDC4CC64BB64F51860B7AD /* UserStateStoreTests.swift */,
			);
			path = PictokTests;
			sourceTree = "<group>";
		};
/* End PBXGroup section */

/* Begin PBXNativeTarget section */
		8AD5D776F894CD4DC57AD86D /* PictokTests */ = {
			isa = PBXNativeTarget;
			buildConfigurationList = 02E338B6D4C16FC3A3617D9E /* Build configuration list for PBXNativeTarget "PictokTests" */;
			buildPhases = (
				D99D24E9C1B2DDC9CB43E743 /* Sources */,
				C9E97CB8E79CFE00A1C4983E /* Resources */,
			);
			buildRules = (
			);
			dependencies = (
				2039B655F74067F78F6E06E4 /* PBXTargetDependency */,
			);
			name = PictokTests;
			packageProductDependencies = (
			);
			productName = PictokTests;
			productReference = 8ABC79C275D2086DDE654E35 /* PictokTests.xctest */;
			productType = "com.apple.product-type.bundle.unit-test";
		};
		BB70BEE75D86B147D69F7F99 /* Pictok */ = {
			isa = PBXNativeTarget;
			buildConfigurationList = 73C78BA51812E45A85BD39EE /* Build configuration list for PBXNativeTarget "Pictok" */;
			buildPhases = (
				540EFB22F4AE70FA341431BE /* Sources */,
				CA4082474DDEFCAC6910963E /* Resources */,
			);
			buildRules = (
			);
			dependencies = (
			);
			name = Pictok;
			packageProductDependencies = (
			);
			productName = Pictok;
			productReference = AEDDCDEC38190D3BC62F57C6 /* Pictok.app */;
			productType = "com.apple.product-type.application";
		};
/* End PBXNativeTarget section */

/* Begin PBXProject section */
		9515DCC001687911C962CE16 /* Project object */ = {
			isa = PBXProject;
			attributes = {
				BuildIndependentTargetsInParallel = YES;
				LastUpgradeCheck = 1430;
				TargetAttributes = {
					8AD5D776F894CD4DC57AD86D = {
						DevelopmentTeam = "";
						ProvisioningStyle = Automatic;
					};
					BB70BEE75D86B147D69F7F99 = {
						DevelopmentTeam = "";
						ProvisioningStyle = Automatic;
					};
				};
			};
			buildConfigurationList = AD152BA0A923D0211F447039 /* Build configuration list for PBXProject "Pictok" */;
			developmentRegion = en;
			hasScannedForEncodings = 0;
			knownRegions = (
				Base,
				en,
			);
			mainGroup = 68DFA0BDCDC053E7903BAFE7;
			minimizedProjectReferenceProxies = 1;
			preferredProjectObjectVersion = 77;
			productRefGroup = 6C51C3692E574F707D82A7C0 /* Products */;
			projectDirPath = "";
			projectRoot = "";
			targets = (
				BB70BEE75D86B147D69F7F99 /* Pictok */,
				8AD5D776F894CD4DC57AD86D /* PictokTests */,
			);
		};
/* End PBXProject section */

/* Begin PBXResourcesBuildPhase section */
		C9E97CB8E79CFE00A1C4983E /* Resources */ = {
			isa = PBXResourcesBuildPhase;
			buildActionMask = 2147483647;
			files = (
				A30656A04C6E96BC61CEF55F /* test-puzzles.json in Resources */,
			);
			runOnlyForDeploymentPostprocessing = 0;
		};
		CA4082474DDEFCAC6910963E /* Resources */ = {
			isa = PBXResourcesBuildPhase;
			buildActionMask = 2147483647;
			files = (
				5B1C27E92963089DDDF493C9 /* Assets.xcassets in Resources */,
				99A09D1492EC6E0160F21F22 /* correct.wav in Resources */,
				54B46C73462E6DD6279E7DC0 /* puzzles.json in Resources */,
				C8B70E4449443703508BE272 /* win.wav in Resources */,
				1EECD660052C3A436F5375A1 /* wrong.wav in Resources */,
			);
			runOnlyForDeploymentPostprocessing = 0;
		};
/* End PBXResourcesBuildPhase section */

/* Begin PBXSourcesBuildPhase section */
		540EFB22F4AE70FA341431BE /* Sources */ = {
			isa = PBXSourcesBuildPhase;
			buildActionMask = 2147483647;
			files = (
				62FC212BE5236D99CF37DACC /* BlanksView.swift in Sources */,
				21799DCFD49E3A24B9B54D4B /* CategoryChip.swift in Sources */,
				5DBE77C491F4D855C3447AB2 /* EmojiHeader.swift in Sources */,
				173A6C6A7F67E1C4C7580F2A /* EndlessSelector.swift in Sources */,
				AFC2E6F63B63FCFEF1A145B0 /* EndlessSession.swift in Sources */,
				1D1296602F89AF61D5CF294E /* EndlessView.swift in Sources */,
				F192DAD970CF00148F953623 /* FailCelebrationView.swift in Sources */,
				D11E875F1C3BEEA2A6013823 /* FireworksEmitter.swift in Sources */,
				F65B1E044B023BC75C9C3388 /* GameEngine.swift in Sources */,
				521F5012DAE5301AE6DD95AC /* HapticsService.swift in Sources */,
				2181CF102C43333F8F7952C3 /* HeartsRow.swift in Sources */,
				549BCD9778348B71485A8419 /* HintButton.swift in Sources */,
				1BB4EE9401AB3E2D4135FE5B /* HowToPlayView.swift in Sources */,
				2FA8E5BA7BCD741C929B06D3 /* KeyboardView.swift in Sources */,
				600048ECA507BCAE93F542B2 /* NotificationPermissionSheet.swift in Sources */,
				F90ED87F4D329EE1C6A75B46 /* NotificationScheduler.swift in Sources */,
				B0786467093D51F3A2D6BF2B /* PictokApp.swift in Sources */,
				146413CC0AD4FD648B7CA9EF /* Puzzle.swift in Sources */,
				8C28463D2D653E9FD0BF4330 /* PuzzleLoader.swift in Sources */,
				041203805C284676BF9E5063 /* RainEmitter.swift in Sources */,
				AA617127D6B9EEE3C9886E54 /* ResultSheet.swift in Sources */,
				A6DACC4B4EDC68392FD82D08 /* ShareCardBuilder.swift in Sources */,
				993B68AEE1B7227CBCAAD048 /* SoundService.swift in Sources */,
				8F32B3FEC94BC5D6EEC83FB0 /* StatsView.swift in Sources */,
				4ADA9B62C7A2A77AC499B06F /* StickerButton.swift in Sources */,
				D331FDFBEF4FF39710E1652A /* Theme.swift in Sources */,
				07AC6742D8DAE2B6D55806B6 /* TodayView.swift in Sources */,
				069B2368FB786C8F4E653CDB /* UserState.swift in Sources */,
				E666C0E632706999518F4001 /* UserStateStore.swift in Sources */,
				F699FD0E3F00F620207674B3 /* WinCelebrationView.swift in Sources */,
			);
			runOnlyForDeploymentPostprocessing = 0;
		};
		D99D24E9C1B2DDC9CB43E743 /* Sources */ = {
			isa = PBXSourcesBuildPhase;
			buildActionMask = 2147483647;
			files = (
				0173E40D3747DA34FF4A2920 /* EndlessSelectorTests.swift in Sources */,
				4AD352AF3BCCCD1BA3C1085D /* EndlessSessionTests.swift in Sources */,
				44013AD409B1DFEB6F17BD94 /* GameEngineTests.swift in Sources */,
				96130ED319FBFEA84542DA2F /* GameEngineWordByWordTests.swift in Sources */,
				7B3F7C02449E6AA0D35C2BCF /* NotificationSchedulerTests.swift in Sources */,
				82414934CE6E36FBA6CD91C4 /* PuzzleDecodingTests.swift in Sources */,
				FB9BFF0F373AAB11B0A29537 /* PuzzleLoaderTests.swift in Sources */,
				5C1E9B1B0089AACBB5174A25 /* ShareCardBuilderTests.swift in Sources */,
				4C8E2273340B81ABD01398A0 /* UserStateCodableTests.swift in Sources */,
				A2330B67A365CB46FF09704D /* UserStateMigrationTests.swift in Sources */,
				26D04137E41B70F10B2F7D13 /* UserStateStoreTests.swift in Sources */,
			);
			runOnlyForDeploymentPostprocessing = 0;
		};
/* End PBXSourcesBuildPhase section */

/* Begin PBXTargetDependency section */
		2039B655F74067F78F6E06E4 /* PBXTargetDependency */ = {
			isa = PBXTargetDependency;
			target = BB70BEE75D86B147D69F7F99 /* Pictok */;
			targetProxy = 85F7D1791DF66BDCAC3812DE /* PBXContainerItemProxy */;
		};
/* End PBXTargetDependency section */

/* Begin XCBuildConfiguration section */
		07D4A32A448E9D761F64A5C0 /* Debug */ = {
			isa = XCBuildConfiguration;
			buildSettings = {
				ALWAYS_SEARCH_USER_PATHS = NO;
				CLANG_ANALYZER_NONNULL = YES;
				CLANG_ANALYZER_NUMBER_OBJECT_CONVERSION = YES_AGGRESSIVE;
				CLANG_CXX_LANGUAGE_STANDARD = "gnu++14";
				CLANG_CXX_LIBRARY = "libc++";
				CLANG_ENABLE_MODULES = YES;
				CLANG_ENABLE_OBJC_ARC = YES;
				CLANG_ENABLE_OBJC_WEAK = YES;
				CLANG_WARN_BLOCK_CAPTURE_AUTORELEASING = YES;
				CLANG_WARN_BOOL_CONVERSION = YES;
				CLANG_WARN_COMMA = YES;
				CLANG_WARN_CONSTANT_CONVERSION = YES;
				CLANG_WARN_DEPRECATED_OBJC_IMPLEMENTATIONS = YES;
				CLANG_WARN_DIRECT_OBJC_ISA_USAGE = YES_ERROR;
				CLANG_WARN_DOCUMENTATION_COMMENTS = YES;
				CLANG_WARN_EMPTY_BODY = YES;
				CLANG_WARN_ENUM_CONVERSION = YES;
				CLANG_WARN_INFINITE_RECURSION = YES;
				CLANG_WARN_INT_CONVERSION = YES;
				CLANG_WARN_NON_LITERAL_NULL_CONVERSION = YES;
				CLANG_WARN_OBJC_IMPLICIT_RETAIN_SELF = YES;
				CLANG_WARN_OBJC_LITERAL_CONVERSION = YES;
				CLANG_WARN_OBJC_ROOT_CLASS = YES_ERROR;
				CLANG_WARN_QUOTED_INCLUDE_IN_FRAMEWORK_HEADER = YES;
				CLANG_WARN_RANGE_LOOP_ANALYSIS = YES;
				CLANG_WARN_STRICT_PROTOTYPES = YES;
				CLANG_WARN_SUSPICIOUS_MOVE = YES;
				CLANG_WARN_UNGUARDED_AVAILABILITY = YES_AGGRESSIVE;
				CLANG_WARN_UNREACHABLE_CODE = YES;
				CLANG_WARN__DUPLICATE_METHOD_MATCH = YES;
				COPY_PHASE_STRIP = NO;
				CURRENT_PROJECT_VERSION = 1;
				DEBUG_INFORMATION_FORMAT = dwarf;
				ENABLE_STRICT_OBJC_MSGSEND = YES;
				ENABLE_TESTABILITY = YES;
				ENABLE_USER_SCRIPT_SANDBOXING = YES;
				GCC_C_LANGUAGE_STANDARD = gnu11;
				GCC_DYNAMIC_NO_PIC = NO;
				GCC_NO_COMMON_BLOCKS = YES;
				GCC_OPTIMIZATION_LEVEL = 0;
				GCC_PREPROCESSOR_DEFINITIONS = (
					"$(inherited)",
					"DEBUG=1",
				);
				GCC_WARN_64_TO_32_BIT_CONVERSION = YES;
				GCC_WARN_ABOUT_RETURN_TYPE = YES_ERROR;
				GCC_WARN_UNDECLARED_SELECTOR = YES;
				GCC_WARN_UNINITIALIZED_AUTOS = YES_AGGRESSIVE;
				GCC_WARN_UNUSED_FUNCTION = YES;
				GCC_WARN_UNUSED_VARIABLE = YES;
				IPHONEOS_DEPLOYMENT_TARGET = 17.0;
				MARKETING_VERSION = 1.0.0;
				MTL_ENABLE_DEBUG_INFO = INCLUDE_SOURCE;
				MTL_FAST_MATH = YES;
				ONLY_ACTIVE_ARCH = YES;
				PRODUCT_NAME = "$(TARGET_NAME)";
				SDKROOT = iphoneos;
				SWIFT_ACTIVE_COMPILATION_CONDITIONS = DEBUG;
				SWIFT_OPTIMIZATION_LEVEL = "-Onone";
				SWIFT_VERSION = 5.0;
			};
			name = Debug;
		};
		1EBDB84083D6874E18A0AA80 /* Release */ = {
			isa = XCBuildConfiguration;
			buildSettings = {
				ASSETCATALOG_COMPILER_APPICON_NAME = AppIcon;
				ASSETCATALOG_COMPILER_GLOBAL_ACCENT_COLOR_NAME = AccentColor;
				CODE_SIGN_IDENTITY = "iPhone Developer";
				CODE_SIGN_STYLE = Automatic;
				DEVELOPMENT_TEAM = "";
				ENABLE_PREVIEWS = YES;
				GENERATE_INFOPLIST_FILE = YES;
				INFOPLIST_KEY_CFBundleDisplayName = Pictok;
				INFOPLIST_KEY_UIApplicationSceneManifest_Generation = YES;
				INFOPLIST_KEY_UILaunchScreen_Generation = YES;
				INFOPLIST_KEY_UIStatusBarStyle = UIStatusBarStyleDefault;
				INFOPLIST_KEY_UISupportedInterfaceOrientations = UIInterfaceOrientationPortrait;
				LD_RUNPATH_SEARCH_PATHS = (
					"$(inherited)",
					"@executable_path/Frameworks",
				);
				PRODUCT_BUNDLE_IDENTIFIER = com.rehatchugh.pictok;
				SDKROOT = iphoneos;
				TARGETED_DEVICE_FAMILY = 1;
			};
			name = Release;
		};
		4C72869BEF1043F9FB7693CC /* Release */ = {
			isa = XCBuildConfiguration;
			buildSettings = {
				BUNDLE_LOADER = "$(TEST_HOST)";
				CODE_SIGN_STYLE = Automatic;
				DEVELOPMENT_TEAM = "";
				GENERATE_INFOPLIST_FILE = YES;
				LD_RUNPATH_SEARCH_PATHS = (
					"$(inherited)",
					"@executable_path/Frameworks",
					"@loader_path/Frameworks",
				);
				PRODUCT_BUNDLE_IDENTIFIER = com.rehatchugh.pictok.tests;
				SDKROOT = iphoneos;
				TARGETED_DEVICE_FAMILY = 1;
				TEST_HOST = "$(BUILT_PRODUCTS_DIR)/Pictok.app/Pictok";
			};
			name = Release;
		};
		6E697D806A907AF05B2C5412 /* Release */ = {
			isa = XCBuildConfiguration;
			buildSettings = {
				ALWAYS_SEARCH_USER_PATHS = NO;
				CLANG_ANALYZER_NONNULL = YES;
				CLANG_ANALYZER_NUMBER_OBJECT_CONVERSION = YES_AGGRESSIVE;
				CLANG_CXX_LANGUAGE_STANDARD = "gnu++14";
				CLANG_CXX_LIBRARY = "libc++";
				CLANG_ENABLE_MODULES = YES;
				CLANG_ENABLE_OBJC_ARC = YES;
				CLANG_ENABLE_OBJC_WEAK = YES;
				CLANG_WARN_BLOCK_CAPTURE_AUTORELEASING = YES;
				CLANG_WARN_BOOL_CONVERSION = YES;
				CLANG_WARN_COMMA = YES;
				CLANG_WARN_CONSTANT_CONVERSION = YES;
				CLANG_WARN_DEPRECATED_OBJC_IMPLEMENTATIONS = YES;
				CLANG_WARN_DIRECT_OBJC_ISA_USAGE = YES_ERROR;
				CLANG_WARN_DOCUMENTATION_COMMENTS = YES;
				CLANG_WARN_EMPTY_BODY = YES;
				CLANG_WARN_ENUM_CONVERSION = YES;
				CLANG_WARN_INFINITE_RECURSION = YES;
				CLANG_WARN_INT_CONVERSION = YES;
				CLANG_WARN_NON_LITERAL_NULL_CONVERSION = YES;
				CLANG_WARN_OBJC_IMPLICIT_RETAIN_SELF = YES;
				CLANG_WARN_OBJC_LITERAL_CONVERSION = YES;
				CLANG_WARN_OBJC_ROOT_CLASS = YES_ERROR;
				CLANG_WARN_QUOTED_INCLUDE_IN_FRAMEWORK_HEADER = YES;
				CLANG_WARN_RANGE_LOOP_ANALYSIS = YES;
				CLANG_WARN_STRICT_PROTOTYPES = YES;
				CLANG_WARN_SUSPICIOUS_MOVE = YES;
				CLANG_WARN_UNGUARDED_AVAILABILITY = YES_AGGRESSIVE;
				CLANG_WARN_UNREACHABLE_CODE = YES;
				CLANG_WARN__DUPLICATE_METHOD_MATCH = YES;
				COPY_PHASE_STRIP = NO;
				CURRENT_PROJECT_VERSION = 1;
				DEBUG_INFORMATION_FORMAT = "dwarf-with-dsym";
				ENABLE_NS_ASSERTIONS = NO;
				ENABLE_STRICT_OBJC_MSGSEND = YES;
				ENABLE_USER_SCRIPT_SANDBOXING = YES;
				GCC_C_LANGUAGE_STANDARD = gnu11;
				GCC_NO_COMMON_BLOCKS = YES;
				GCC_WARN_64_TO_32_BIT_CONVERSION = YES;
				GCC_WARN_ABOUT_RETURN_TYPE = YES_ERROR;
				GCC_WARN_UNDECLARED_SELECTOR = YES;
				GCC_WARN_UNINITIALIZED_AUTOS = YES_AGGRESSIVE;
				GCC_WARN_UNUSED_FUNCTION = YES;
				GCC_WARN_UNUSED_VARIABLE = YES;
				IPHONEOS_DEPLOYMENT_TARGET = 17.0;
				MARKETING_VERSION = 1.0.0;
				MTL_ENABLE_DEBUG_INFO = NO;
				MTL_FAST_MATH = YES;
				PRODUCT_NAME = "$(TARGET_NAME)";
				SDKROOT = iphoneos;
				SWIFT_COMPILATION_MODE = wholemodule;
				SWIFT_OPTIMIZATION_LEVEL = "-O";
				SWIFT_VERSION = 5.0;
			};
			name = Release;
		};
		C72479270FF9F90A674C20EE /* Debug */ = {
			isa = XCBuildConfiguration;
			buildSettings = {
				ASSETCATALOG_COMPILER_APPICON_NAME = AppIcon;
				ASSETCATALOG_COMPILER_GLOBAL_ACCENT_COLOR_NAME = AccentColor;
				CODE_SIGN_IDENTITY = "iPhone Developer";
				CODE_SIGN_STYLE = Automatic;
				DEVELOPMENT_TEAM = "";
				ENABLE_PREVIEWS = YES;
				GENERATE_INFOPLIST_FILE = YES;
				INFOPLIST_KEY_CFBundleDisplayName = Pictok;
				INFOPLIST_KEY_UIApplicationSceneManifest_Generation = YES;
				INFOPLIST_KEY_UILaunchScreen_Generation = YES;
				INFOPLIST_KEY_UIStatusBarStyle = UIStatusBarStyleDefault;
				INFOPLIST_KEY_UISupportedInterfaceOrientations = UIInterfaceOrientationPortrait;
				LD_RUNPATH_SEARCH_PATHS = (
					"$(inherited)",
					"@executable_path/Frameworks",
				);
				PRODUCT_BUNDLE_IDENTIFIER = com.rehatchugh.pictok;
				SDKROOT = iphoneos;
				TARGETED_DEVICE_FAMILY = 1;
			};
			name = Debug;
		};
		C73891D45695A0D232E75134 /* Debug */ = {
			isa = XCBuildConfiguration;
			buildSettings = {
				BUNDLE_LOADER = "$(TEST_HOST)";
				CODE_SIGN_STYLE = Automatic;
				DEVELOPMENT_TEAM = "";
				GENERATE_INFOPLIST_FILE = YES;
				LD_RUNPATH_SEARCH_PATHS = (
					"$(inherited)",
					"@executable_path/Frameworks",
					"@loader_path/Frameworks",
				);
				PRODUCT_BUNDLE_IDENTIFIER = com.rehatchugh.pictok.tests;
				SDKROOT = iphoneos;
				TARGETED_DEVICE_FAMILY = 1;
				TEST_HOST = "$(BUILT_PRODUCTS_DIR)/Pictok.app/Pictok";
			};
			name = Debug;
		};
/* End XCBuildConfiguration section */

/* Begin XCConfigurationList section */
		02E338B6D4C16FC3A3617D9E /* Build configuration list for PBXNativeTarget "PictokTests" */ = {
			isa = XCConfigurationList;
			buildConfigurations = (
				C73891D45695A0D232E75134 /* Debug */,
				4C72869BEF1043F9FB7693CC /* Release */,
			);
			defaultConfigurationIsVisible = 0;
			defaultConfigurationName = Debug;
		};
		73C78BA51812E45A85BD39EE /* Build configuration list for PBXNativeTarget "Pictok" */ = {
			isa = XCConfigurationList;
			buildConfigurations = (
				C72479270FF9F90A674C20EE /* Debug */,
				1EBDB84083D6874E18A0AA80 /* Release */,
			);
			defaultConfigurationIsVisible = 0;
			defaultConfigurationName = Debug;
		};
		AD152BA0A923D0211F447039 /* Build configuration list for PBXProject "Pictok" */ = {
			isa = XCConfigurationList;
			buildConfigurations = (
				07D4A32A448E9D761F64A5C0 /* Debug */,
				6E697D806A907AF05B2C5412 /* Release */,
			);
			defaultConfigurationIsVisible = 0;
			defaultConfigurationName = Debug;
		};
/* End XCConfigurationList section */
	};
	rootObject = 9515DCC001687911C962CE16 /* Project object */;
}
